// !$*UTF8*$!
{
	archiveVersion = 1;
	classes = {
	};
	objectVersion = 50;
	objects = {

/* Begin PBXBuildFile section */
		8F3AB08B26B3E9A300A65125 /* Doctor_Appointment_MoveoApp.swift in Sources */ = {isa = PBXBuildFile; fileRef = 8F3AB08A26B3E9A300A65125 /* Doctor_Appointment_MoveoApp.swift */; };
		8F3AB08F26B3E9A400A65125 /* Assets.xcassets in Resources */ = {isa = PBXBuildFile; fileRef = 8F3AB08E26B3E9A400A65125 /* Assets.xcassets */; };
		8F3AB09226B3E9A400A65125 /* Preview Assets.xcassets in Resources */ = {isa = PBXBuildFile; fileRef = 8F3AB09126B3E9A400A65125 /* Preview Assets.xcassets */; };
		8F3AB09426B3E9A400A65125 /* Persistence.swift in Sources */ = {isa = PBXBuildFile; fileRef = 8F3AB09326B3E9A400A65125 /* Persistence.swift */; };
		8F3AB09726B3E9A400A65125 /* Doctor_Appointment_Moveo.xcdatamodeld in Sources */ = {isa = PBXBuildFile; fileRef = 8F3AB09526B3E9A400A65125 /* Doctor_Appointment_Moveo.xcdatamodeld */; };
		8F3AB09F26B3EAE800A65125 /* Patient.swift in Sources */ = {isa = PBXBuildFile; fileRef = 8F3AB09E26B3EAE800A65125 /* Patient.swift */; };
		8F3AB0A426B3F08800A65125 /* Doctor.swift in Sources */ = {isa = PBXBuildFile; fileRef = 8F3AB0A326B3F08800A65125 /* Doctor.swift */; };
		8F3AB0A626B3F0A300A65125 /* Appointment.swift in Sources */ = {isa = PBXBuildFile; fileRef = 8F3AB0A526B3F0A300A65125 /* Appointment.swift */; };
		8F3AB0A826B40B7F00A65125 /* WelcomeView.swift in Sources */ = {isa = PBXBuildFile; fileRef = 8F3AB0A726B40B7F00A65125 /* WelcomeView.swift */; };
		8F3AB0AA26B40BE300A65125 /* AppDelegate.swift in Sources */ = {isa = PBXBuildFile; fileRef = 8F3AB0A926B40BE300A65125 /* AppDelegate.swift */; };
		8F3AB0AE26B40E5C00A65125 /* Database.swift in Sources */ = {isa = PBXBuildFile; fileRef = 8F3AB0AD26B40E5C00A65125 /* Database.swift */; };
		8F3AB0B026B42DE300A65125 /* WelcomeViewModel.swift in Sources */ = {isa = PBXBuildFile; fileRef = 8F3AB0AF26B42DE300A65125 /* WelcomeViewModel.swift */; };
		8F3AB0B226B435DC00A65125 /* UserType.swift in Sources */ = {isa = PBXBuildFile; fileRef = 8F3AB0B126B435DC00A65125 /* UserType.swift */; };
		8F3AB0B726B52BD500A65125 /* SignInForm.swift in Sources */ = {isa = PBXBuildFile; fileRef = 8F3AB0B626B52BD500A65125 /* SignInForm.swift */; };
		8F3AB0B926B52BEF00A65125 /* SignUpForm.swift in Sources */ = {isa = PBXBuildFile; fileRef = 8F3AB0B826B52BEF00A65125 /* SignUpForm.swift */; };
		8F3AB0BB26B5304F00A65125 /* PatientPortalViewModel.swift in Sources */ = {isa = PBXBuildFile; fileRef = 8F3AB0BA26B5304F00A65125 /* PatientPortalViewModel.swift */; };
		8F3AB0BD26B5325C00A65125 /* PatientPortalView.swift in Sources */ = {isa = PBXBuildFile; fileRef = 8F3AB0BC26B5325C00A65125 /* PatientPortalView.swift */; };
		8F3AB0BF26B53B6700A65125 /* DoctorPortalView.swift in Sources */ = {isa = PBXBuildFile; fileRef = 8F3AB0BE26B53B6700A65125 /* DoctorPortalView.swift */; };
		8F3AB0C126B5416E00A65125 /* BookingList.swift in Sources */ = {isa = PBXBuildFile; fileRef = 8F3AB0C026B5416E00A65125 /* BookingList.swift */; };
		8F3AB0C326B547C100A65125 /* BookedAppointmentSection.swift in Sources */ = {isa = PBXBuildFile; fileRef = 8F3AB0C226B547C100A65125 /* BookedAppointmentSection.swift */; };
		8F3AB0CB26B5793F00A65125 /* DoctorPortalViewModel.swift in Sources */ = {isa = PBXBuildFile; fileRef = 8F3AB0CA26B5793F00A65125 /* DoctorPortalViewModel.swift */; };
		8F3AB0CD26B57CEE00A65125 /* DoctorCurrentAppointmentSection.swift in Sources */ = {isa = PBXBuildFile; fileRef = 8F3AB0CC26B57CEE00A65125 /* DoctorCurrentAppointmentSection.swift */; };
		8F3AB0D026B57DF000A65125 /* DateExtension.swift in Sources */ = {isa = PBXBuildFile; fileRef = 8F3AB0CF26B57DF000A65125 /* DateExtension.swift */; };
		8F3AB0D226B5808700A65125 /* DoctorWaitlistSection.swift in Sources */ = {isa = PBXBuildFile; fileRef = 8F3AB0D126B5808700A65125 /* DoctorWaitlistSection.swift */; };
		8F3AB0D426B5A9FF00A65125 /* UserNotificationService.swift in Sources */ = {isa = PBXBuildFile; fileRef = 8F3AB0D326B5A9FF00A65125 /* UserNotificationService.swift */; };
/* End PBXBuildFile section */

/* Begin PBXFileReference section */
		8F3AB08726B3E9A300A65125 /* Doctor Appointment Moveo.app */ = {isa = PBXFileReference; explicitFileType = wrapper.application; includeInIndex = 0; path = "Doctor Appointment Moveo.app"; sourceTree = BUILT_PRODUCTS_DIR; };
		8F3AB08A26B3E9A300A65125 /* Doctor_Appointment_MoveoApp.swift */ = {isa = PBXFileReference; lastKnownFileType = sourcecode.swift; path = Doctor_Appointment_MoveoApp.swift; sourceTree = "<group>"; };
		8F3AB08E26B3E9A400A65125 /* Assets.xcassets */ = {isa = PBXFileReference; lastKnownFileType = folder.assetcatalog; path = Assets.xcassets; sourceTree = "<group>"; };
		8F3AB09126B3E9A400A65125 /* Preview Assets.xcassets */ = {isa = PBXFileReference; lastKnownFileType = folder.assetcatalog; path = "Preview Assets.xcassets"; sourceTree = "<group>"; };
		8F3AB09326B3E9A400A65125 /* Persistence.swift */ = {isa = PBXFileReference; lastKnownFileType = sourcecode.swift; path = Persistence.swift; sourceTree = "<group>"; };
		8F3AB09626B3E9A400A65125 /* Doctor_Appointment_Moveo.xcdatamodel */ = {isa = PBXFileReference; lastKnownFileType = wrapper.xcdatamodel; path = Doctor_Appointment_Moveo.xcdatamodel; sourceTree = "<group>"; };
		8F3AB09826B3E9A400A65125 /* Info.plist */ = {isa = PBXFileReference; lastKnownFileType = text.plist.xml; path = Info.plist; sourceTree = "<group>"; };
		8F3AB09E26B3EAE800A65125 /* Patient.swift */ = {isa = PBXFileReference; lastKnownFileType = sourcecode.swift; path = Patient.swift; sourceTree = "<group>"; };
		8F3AB0A326B3F08800A65125 /* Doctor.swift */ = {isa = PBXFileReference; lastKnownFileType = sourcecode.swift; path = Doctor.swift; sourceTree = "<group>"; };
		8F3AB0A526B3F0A300A65125 /* Appointment.swift */ = {isa = PBXFileReference; lastKnownFileType = sourcecode.swift; path = Appointment.swift; sourceTree = "<group>"; };
		8F3AB0A726B40B7F00A65125 /* WelcomeView.swift */ = {isa = PBXFileReference; lastKnownFileType = sourcecode.swift; path = WelcomeView.swift; sourceTree = "<group>"; };
		8F3AB0A926B40BE300A65125 /* AppDelegate.swift */ = {isa = PBXFileReference; lastKnownFileType = sourcecode.swift; path = AppDelegate.swift; sourceTree = "<group>"; };
		8F3AB0AD26B40E5C00A65125 /* Database.swift */ = {isa = PBXFileReference; lastKnownFileType = sourcecode.swift; path = Database.swift; sourceTree = "<group>"; };
		8F3AB0AF26B42DE300A65125 /* WelcomeViewModel.swift */ = {isa = PBXFileReference; lastKnownFileType = sourcecode.swift; path = WelcomeViewModel.swift; sourceTree = "<group>"; };
		8F3AB0B126B435DC00A65125 /* UserType.swift */ = {isa = PBXFileReference; lastKnownFileType = sourcecode.swift; path = UserType.swift; sourceTree = "<group>"; };
		8F3AB0B626B52BD500A65125 /* SignInForm.swift */ = {isa = PBXFileReference; lastKnownFileType = sourcecode.swift; path = SignInForm.swift; sourceTree = "<group>"; };
		8F3AB0B826B52BEF00A65125 /* SignUpForm.swift */ = {isa = PBXFileReference; lastKnownFileType = sourcecode.swift; path = SignUpForm.swift; sourceTree = "<group>"; };
		8F3AB0BA26B5304F00A65125 /* PatientPortalViewModel.swift */ = {isa = PBXFileReference; lastKnownFileType = sourcecode.swift; path = PatientPortalViewModel.swift; sourceTree = "<group>"; };
		8F3AB0BC26B5325C00A65125 /* PatientPortalView.swift */ = {isa = PBXFileReference; lastKnownFileType = sourcecode.swift; path = PatientPortalView.swift; sourceTree = "<group>"; };
		8F3AB0BE26B53B6700A65125 /* DoctorPortalView.swift */ = {isa = PBXFileReference; lastKnownFileType = sourcecode.swift; path = DoctorPortalView.swift; sourceTree = "<group>"; };
		8F3AB0C026B5416E00A65125 /* BookingList.swift */ = {isa = PBXFileReference; lastKnownFileType = sourcecode.swift; path = BookingList.swift; sourceTree = "<group>"; };
		8F3AB0C226B547C100A65125 /* BookedAppointmentSection.swift */ = {isa = PBXFileReference; lastKnownFileType = sourcecode.swift; path = BookedAppointmentSection.swift; sourceTree = "<group>"; };
		8F3AB0CA26B5793F00A65125 /* DoctorPortalViewModel.swift */ = {isa = PBXFileReference; lastKnownFileType = sourcecode.swift; path = DoctorPortalViewModel.swift; sourceTree = "<group>"; };
		8F3AB0CC26B57CEE00A65125 /* DoctorCurrentAppointmentSection.swift */ = {isa = PBXFileReference; lastKnownFileType = sourcecode.swift; path = DoctorCurrentAppointmentSection.swift; sourceTree = "<group>"; };
		8F3AB0CF26B57DF000A65125 /* DateExtension.swift */ = {isa = PBXFileReference; lastKnownFileType = sourcecode.swift; path = DateExtension.swift; sourceTree = "<group>"; };
		8F3AB0D126B5808700A65125 /* DoctorWaitlistSection.swift */ = {isa = PBXFileReference; lastKnownFileType = sourcecode.swift; path = DoctorWaitlistSection.swift; sourceTree = "<group>"; };
		8F3AB0D326B5A9FF00A65125 /* UserNotificationService.swift */ = {isa = PBXFileReference; lastKnownFileType = sourcecode.swift; path = UserNotificationService.swift; sourceTree = "<group>"; };
/* End PBXFileReference section */

/* Begin PBXFrameworksBuildPhase section */
		8F3AB08426B3E9A300A65125 /* Frameworks */ = {
			isa = PBXFrameworksBuildPhase;
			buildActionMask = 2147483647;
			files = (
			);
			runOnlyForDeploymentPostprocessing = 0;
		};
/* End PBXFrameworksBuildPhase section */

/* Begin PBXGroup section */
		8F3AB07E26B3E9A300A65125 = {
			isa = PBXGroup;
			children = (
				8F3AB08926B3E9A300A65125 /* Doctor Appointment Moveo */,
				8F3AB08826B3E9A300A65125 /* Products */,
			);
			sourceTree = "<group>";
		};
		8F3AB08826B3E9A300A65125 /* Products */ = {
			isa = PBXGroup;
			children = (
				8F3AB08726B3E9A300A65125 /* Doctor Appointment Moveo.app */,
			);
			name = Products;
			sourceTree = "<group>";
		};
		8F3AB08926B3E9A300A65125 /* Doctor Appointment Moveo */ = {
			isa = PBXGroup;
			children = (
				8F3AB08A26B3E9A300A65125 /* Doctor_Appointment_MoveoApp.swift */,
				8F3AB0A926B40BE300A65125 /* AppDelegate.swift */,
				8F3AB0AD26B40E5C00A65125 /* Database.swift */,
				8F3AB0D326B5A9FF00A65125 /* UserNotificationService.swift */,
				8F3AB08E26B3E9A400A65125 /* Assets.xcassets */,
				8F3AB09326B3E9A400A65125 /* Persistence.swift */,
				8F3AB0AC26B40CA800A65125 /* Views */,
				8F3AB0AB26B40C7400A65125 /* ViewModels */,
				8F3AB0A026B3F06200A65125 /* Model */,
				8F3AB0CE26B57DD600A65125 /* Extensions */,
				8F3AB09826B3E9A400A65125 /* Info.plist */,
				8F3AB09526B3E9A400A65125 /* Doctor_Appointment_Moveo.xcdatamodeld */,
				8F3AB09026B3E9A400A65125 /* Preview Content */,
			);
			path = "Doctor Appointment Moveo";
			sourceTree = "<group>";
		};
		8F3AB09026B3E9A400A65125 /* Preview Content */ = {
			isa = PBXGroup;
			children = (
				8F3AB09126B3E9A400A65125 /* Preview Assets.xcassets */,
			);
			path = "Preview Content";
			sourceTree = "<group>";
		};
		8F3AB0A026B3F06200A65125 /* Model */ = {
			isa = PBXGroup;
			children = (
				8F3AB09E26B3EAE800A65125 /* Patient.swift */,
				8F3AB0A326B3F08800A65125 /* Doctor.swift */,
				8F3AB0B126B435DC00A65125 /* UserType.swift */,
				8F3AB0A526B3F0A300A65125 /* Appointment.swift */,
			);
			path = Model;
			sourceTree = "<group>";
		};
		8F3AB0AB26B40C7400A65125 /* ViewModels */ = {
			isa = PBXGroup;
			children = (
				8F3AB0AF26B42DE300A65125 /* WelcomeViewModel.swift */,
				8F3AB0BA26B5304F00A65125 /* PatientPortalViewModel.swift */,
				8F3AB0CA26B5793F00A65125 /* DoctorPortalViewModel.swift */,
			);
			path = ViewModels;
			sourceTree = "<group>";
		};
		8F3AB0AC26B40CA800A65125 /* Views */ = {
			isa = PBXGroup;
			children = (
				8F3AB0C426B5562200A65125 /* Welcome Screen */,
				8F3AB0C526B5563700A65125 /* Patient Screen */,
				8F3AB0C626B5564500A65125 /* Doctor Screen */,
			);
			path = Views;
			sourceTree = "<group>";
		};
		8F3AB0C426B5562200A65125 /* Welcome Screen */ = {
			isa = PBXGroup;
			children = (
				8F3AB0A726B40B7F00A65125 /* WelcomeView.swift */,
				8F3AB0B626B52BD500A65125 /* SignInForm.swift */,
				8F3AB0B826B52BEF00A65125 /* SignUpForm.swift */,
			);
			path = "Welcome Screen";
			sourceTree = "<group>";
		};
		8F3AB0C526B5563700A65125 /* Patient Screen */ = {
			isa = PBXGroup;
			children = (
				8F3AB0BC26B5325C00A65125 /* PatientPortalView.swift */,
				8F3AB0C226B547C100A65125 /* BookedAppointmentSection.swift */,
				8F3AB0C026B5416E00A65125 /* BookingList.swift */,
			);
			path = "Patient Screen";
			sourceTree = "<group>";
		};
		8F3AB0C626B5564500A65125 /* Doctor Screen */ = {
			isa = PBXGroup;
			children = (
				8F3AB0BE26B53B6700A65125 /* DoctorPortalView.swift */,
				8F3AB0CC26B57CEE00A65125 /* DoctorCurrentAppointmentSection.swift */,
				8F3AB0D126B5808700A65125 /* DoctorWaitlistSection.swift */,
			);
			path = "Doctor Screen";
			sourceTree = "<group>";
		};
		8F3AB0CE26B57DD600A65125 /* Extensions */ = {
			isa = PBXGroup;
			children = (
				8F3AB0CF26B57DF000A65125 /* DateExtension.swift */,
			);
			path = Extensions;
			sourceTree = "<group>";
		};
/* End PBXGroup section */

/* Begin PBXNativeTarget section */
		8F3AB08626B3E9A300A65125 /* Doctor Appointment Moveo */ = {
			isa = PBXNativeTarget;
			buildConfigurationList = 8F3AB09B26B3E9A400A65125 /* Build configuration list for PBXNativeTarget "Doctor Appointment Moveo" */;
			buildPhases = (
				8F3AB08326B3E9A300A65125 /* Sources */,
				8F3AB08426B3E9A300A65125 /* Frameworks */,
				8F3AB08526B3E9A300A65125 /* Resources */,
			);
			buildRules = (
			);
			dependencies = (
			);
			name = "Doctor Appointment Moveo";
			productName = "Doctor Appointment Moveo";
			productReference = 8F3AB08726B3E9A300A65125 /* Doctor Appointment Moveo.app */;
			productType = "com.apple.product-type.application";
		};
/* End PBXNativeTarget section */

/* Begin PBXProject section */
		8F3AB07F26B3E9A300A65125 /* Project object */ = {
			isa = PBXProject;
			attributes = {
				LastSwiftUpdateCheck = 1250;
				LastUpgradeCheck = 1250;
				TargetAttributes = {
					8F3AB08626B3E9A300A65125 = {
						CreatedOnToolsVersion = 12.5;
					};
				};
			};
			buildConfigurationList = 8F3AB08226B3E9A300A65125 /* Build configuration list for PBXProject "Doctor Appointment Moveo" */;
			compatibilityVersion = "Xcode 9.3";
			developmentRegion = en;
			hasScannedForEncodings = 0;
			knownRegions = (
				en,
				Base,
			);
			mainGroup = 8F3AB07E26B3E9A300A65125;
			productRefGroup = 8F3AB08826B3E9A300A65125 /* Products */;
			projectDirPath = "";
			projectRoot = "";
			targets = (
				8F3AB08626B3E9A300A65125 /* Doctor Appointment Moveo */,
			);
		};
/* End PBXProject section */

/* Begin PBXResourcesBuildPhase section */
		8F3AB08526B3E9A300A65125 /* Resources */ = {
			isa = PBXResourcesBuildPhase;
			buildActionMask = 2147483647;
			files = (
				8F3AB09226B3E9A400A65125 /* Preview Assets.xcassets in Resources */,
				8F3AB08F26B3E9A400A65125 /* Assets.xcassets in Resources */,
			);
			runOnlyForDeploymentPostprocessing = 0;
		};
/* End PBXResourcesBuildPhase section */

/* Begin PBXSourcesBuildPhase section */
		8F3AB08326B3E9A300A65125 /* Sources */ = {
			isa = PBXSourcesBuildPhase;
			buildActionMask = 2147483647;
			files = (
				8F3AB0BB26B5304F00A65125 /* PatientPortalViewModel.swift in Sources */,
				8F3AB0D026B57DF000A65125 /* DateExtension.swift in Sources */,
				8F3AB09426B3E9A400A65125 /* Persistence.swift in Sources */,
				8F3AB0B226B435DC00A65125 /* UserType.swift in Sources */,
				8F3AB0B026B42DE300A65125 /* WelcomeViewModel.swift in Sources */,
				8F3AB0CB26B5793F00A65125 /* DoctorPortalViewModel.swift in Sources */,
				8F3AB0A626B3F0A300A65125 /* Appointment.swift in Sources */,
				8F3AB0AA26B40BE300A65125 /* AppDelegate.swift in Sources */,
				8F3AB0B926B52BEF00A65125 /* SignUpForm.swift in Sources */,
				8F3AB0C326B547C100A65125 /* BookedAppointmentSection.swift in Sources */,
				8F3AB08B26B3E9A300A65125 /* Doctor_Appointment_MoveoApp.swift in Sources */,
				8F3AB0D226B5808700A65125 /* DoctorWaitlistSection.swift in Sources */,
				8F3AB09726B3E9A400A65125 /* Doctor_Appointment_Moveo.xcdatamodeld in Sources */,
				8F3AB0BF26B53B6700A65125 /* DoctorPortalView.swift in Sources */,
				8F3AB0A826B40B7F00A65125 /* WelcomeView.swift in Sources */,
				8F3AB0CD26B57CEE00A65125 /* DoctorCurrentAppointmentSection.swift in Sources */,
				8F3AB0AE26B40E5C00A65125 /* Database.swift in Sources */,
				8F3AB0D426B5A9FF00A65125 /* UserNotificationService.swift in Sources */,
				8F3AB0C126B5416E00A65125 /* BookingList.swift in Sources */,
				8F3AB0BD26B5325C00A65125 /* PatientPortalView.swift in Sources */,
				8F3AB09F26B3EAE800A65125 /* Patient.swift in Sources */,
				8F3AB0A426B3F08800A65125 /* Doctor.swift in Sources */,
				8F3AB0B726B52BD500A65125 /* SignInForm.swift in Sources */,
			);
			runOnlyForDeploymentPostprocessing = 0;
		};
/* End PBXSourcesBuildPhase section */

/* Begin XCBuildConfiguration section */
		8F3AB09926B3E9A400A65125 /* Debug */ = {
			isa = XCBuildConfiguration;
			buildSettings = {
				ALWAYS_SEARCH_USER_PATHS = NO;
				CLANG_ANALYZER_NONNULL = YES;
				CLANG_ANALYZER_NUMBER_OBJECT_CONVERSION = YES_AGGRESSIVE;
				CLANG_CXX_LANGUAGE_STANDARD = "gnu++14";
				CLANG_CXX_LIBRARY = "libc++";
				CLANG_ENABLE_MODULES = YES;
				CLANG_ENABLE_OBJC_ARC = YES;
				CLANG_ENABLE_OBJC_WEAK = YES;
				CLANG_WARN_BLOCK_CAPTURE_AUTORELEASING = YES;
				CLANG_WARN_BOOL_CONVERSION = YES;
				CLANG_WARN_COMMA = YES;
				CLANG_WARN_CONSTANT_CONVERSION = YES;
				CLANG_WARN_DEPRECATED_OBJC_IMPLEMENTATIONS = YES;
				CLANG_WARN_DIRECT_OBJC_ISA_USAGE = YES_ERROR;
				CLANG_WARN_DOCUMENTATION_COMMENTS = YES;
				CLANG_WARN_EMPTY_BODY = YES;
				CLANG_WARN_ENUM_CONVERSION = YES;
				CLANG_WARN_INFINITE_RECURSION = YES;
				CLANG_WARN_INT_CONVERSION = YES;
				CLANG_WARN_NON_LITERAL_NULL_CONVERSION = YES;
				CLANG_WARN_OBJC_IMPLICIT_RETAIN_SELF = YES;
				CLANG_WARN_OBJC_LITERAL_CONVERSION = YES;
				CLANG_WARN_OBJC_ROOT_CLASS = YES_ERROR;
				CLANG_WARN_QUOTED_INCLUDE_IN_FRAMEWORK_HEADER = YES;
				CLANG_WARN_RANGE_LOOP_ANALYSIS = YES;
				CLANG_WARN_STRICT_PROTOTYPES = YES;
				CLANG_WARN_SUSPICIOUS_MOVE = YES;
				CLANG_WARN_UNGUARDED_AVAILABILITY = YES_AGGRESSIVE;
				CLANG_WARN_UNREACHABLE_CODE = YES;
				CLANG_WARN__DUPLICATE_METHOD_MATCH = YES;
				COPY_PHASE_STRIP = NO;
				DEBUG_INFORMATION_FORMAT = dwarf;
				ENABLE_STRICT_OBJC_MSGSEND = YES;
				ENABLE_TESTABILITY = YES;
				GCC_C_LANGUAGE_STANDARD = gnu11;
				GCC_DYNAMIC_NO_PIC = NO;
				GCC_NO_COMMON_BLOCKS = YES;
				GCC_OPTIMIZATION_LEVEL = 0;
				GCC_PREPROCESSOR_DEFINITIONS = (
					"DEBUG=1",
					"$(inherited)",
				);
				GCC_WARN_64_TO_32_BIT_CONVERSION = YES;
				GCC_WARN_ABOUT_RETURN_TYPE = YES_ERROR;
				GCC_WARN_UNDECLARED_SELECTOR = YES;
				GCC_WARN_UNINITIALIZED_AUTOS = YES_AGGRESSIVE;
				GCC_WARN_UNUSED_FUNCTION = YES;
				GCC_WARN_UNUSED_VARIABLE = YES;
				IPHONEOS_DEPLOYMENT_TARGET = 14.5;
				MTL_ENABLE_DEBUG_INFO = INCLUDE_SOURCE;
				MTL_FAST_MATH = YES;
				ONLY_ACTIVE_ARCH = YES;
				SDKROOT = iphoneos;
				SWIFT_ACTIVE_COMPILATION_CONDITIONS = DEBUG;
				SWIFT_OPTIMIZATION_LEVEL = "-Onone";
			};
			name = Debug;
		};
		8F3AB09A26B3E9A400A65125 /* Release */ = {
			isa = XCBuildConfiguration;
			buildSettings = {
				ALWAYS_SEARCH_USER_PATHS = NO;
				CLANG_ANALYZER_NONNULL = YES;
				CLANG_ANALYZER_NUMBER_OBJECT_CONVERSION = YES_AGGRESSIVE;
				CLANG_CXX_LANGUAGE_STANDARD = "gnu++14";
				CLANG_CXX_LIBRARY = "libc++";
				CLANG_ENABLE_MODULES = YES;
				CLANG_ENABLE_OBJC_ARC = YES;
				CLANG_ENABLE_OBJC_WEAK = YES;
				CLANG_WARN_BLOCK_CAPTURE_AUTORELEASING = YES;
				CLANG_WARN_BOOL_CONVERSION = YES;
				CLANG_WARN_COMMA = YES;
				CLANG_WARN_CONSTANT_CONVERSION = YES;
				CLANG_WARN_DEPRECATED_OBJC_IMPLEMENTATIONS = YES;
				CLANG_WARN_DIRECT_OBJC_ISA_USAGE = YES_ERROR;
				CLANG_WARN_DOCUMENTATION_COMMENTS = YES;
				CLANG_WARN_EMPTY_BODY = YES;
				CLANG_WARN_ENUM_CONVERSION = YES;
				CLANG_WARN_INFINITE_RECURSION = YES;
				CLANG_WARN_INT_CONVERSION = YES;
				CLANG_WARN_NON_LITERAL_NULL_CONVERSION = YES;
				CLANG_WARN_OBJC_IMPLICIT_RETAIN_SELF = YES;
				CLANG_WARN_OBJC_LITERAL_CONVERSION = YES;
				CLANG_WARN_OBJC_ROOT_CLASS = YES_ERROR;
				CLANG_WARN_QUOTED_INCLUDE_IN_FRAMEWORK_HEADER = YES;
				CLANG_WARN_RANGE_LOOP_ANALYSIS = YES;
				CLANG_WARN_STRICT_PROTOTYPES = YES;
				CLANG_WARN_SUSPICIOUS_MOVE = YES;
				CLANG_WARN_UNGUARDED_AVAILABILITY = YES_AGGRESSIVE;
				CLANG_WARN_UNREACHABLE_CODE = YES;
				CLANG_WARN__DUPLICATE_METHOD_MATCH = YES;
				COPY_PHASE_STRIP = NO;
				DEBUG_INFORMATION_FORMAT = "dwarf-with-dsym";
				ENABLE_NS_ASSERTIONS = NO;
				ENABLE_STRICT_OBJC_MSGSEND = YES;
				GCC_C_LANGUAGE_STANDARD = gnu11;
				GCC_NO_COMMON_BLOCKS = YES;
				GCC_WARN_64_TO_32_BIT_CONVERSION = YES;
				GCC_WARN_ABOUT_RETURN_TYPE = YES_ERROR;
				GCC_WARN_UNDECLARED_SELECTOR = YES;
				GCC_WARN_UNINITIALIZED_AUTOS = YES_AGGRESSIVE;
				GCC_WARN_UNUSED_FUNCTION = YES;
				GCC_WARN_UNUSED_VARIABLE = YES;
				IPHONEOS_DEPLOYMENT_TARGET = 14.5;
				MTL_ENABLE_DEBUG_INFO = NO;
				MTL_FAST_MATH = YES;
				SDKROOT = iphoneos;
				SWIFT_COMPILATION_MODE = wholemodule;
				SWIFT_OPTIMIZATION_LEVEL = "-O";
				VALIDATE_PRODUCT = YES;
			};
			name = Release;
		};
		8F3AB09C26B3E9A400A65125 /* Debug */ = {
			isa = XCBuildConfiguration;
			buildSettings = {
				ASSETCATALOG_COMPILER_APPICON_NAME = AppIcon;
				ASSETCATALOG_COMPILER_GLOBAL_ACCENT_COLOR_NAME = AccentColor;
				CODE_SIGN_STYLE = Automatic;
				DEVELOPMENT_ASSET_PATHS = "\"Doctor Appointment Moveo/Preview Content\"";
				DEVELOPMENT_TEAM = P7FDRC6UZ9;
				ENABLE_PREVIEWS = YES;
				INFOPLIST_FILE = "Doctor Appointment Moveo/Info.plist";
				IPHONEOS_DEPLOYMENT_TARGET = 14.0;
				LD_RUNPATH_SEARCH_PATHS = (
					"$(inherited)",
					"@executable_path/Frameworks",
				);
				PRODUCT_BUNDLE_IDENTIFIER = "com.michaelsonnino.Doctor-Appointment-Moveo";
				PRODUCT_NAME = "$(TARGET_NAME)";
				SWIFT_VERSION = 5.0;
				TARGETED_DEVICE_FAMILY = "1,2";
			};
			name = Debug;
		};
		8F3AB09D26B3E9A400A65125 /* Release */ = {
			isa = XCBuildConfiguration;
			buildSettings = {
				ASSETCATALOG_COMPILER_APPICON_NAME = AppIcon;
				ASSETCATALOG_COMPILER_GLOBAL_ACCENT_COLOR_NAME = AccentColor;
				CODE_SIGN_STYLE = Automatic;
				DEVELOPMENT_ASSET_PATHS = "\"Doctor Appointment Moveo/Preview Content\"";
				DEVELOPMENT_TEAM = P7FDRC6UZ9;
				ENABLE_PREVIEWS = YES;
				INFOPLIST_FILE = "Doctor Appointment Moveo/Info.plist";
				IPHONEOS_DEPLOYMENT_TARGET = 14.0;
				LD_RUNPATH_SEARCH_PATHS = (
					"$(inherited)",
					"@executable_path/Frameworks",
				);
				PRODUCT_BUNDLE_IDENTIFIER = "com.michaelsonnino.Doctor-Appointment-Moveo";
				PRODUCT_NAME = "$(TARGET_NAME)";
				SWIFT_VERSION = 5.0;
				TARGETED_DEVICE_FAMILY = "1,2";
			};
			name = Release;
		};
/* End XCBuildConfiguration section */

/* Begin XCConfigurationList section */
		8F3AB08226B3E9A300A65125 /* Build configuration list for PBXProject "Doctor Appointment Moveo" */ = {
			isa = XCConfigurationList;
			buildConfigurations = (
				8F3AB09926B3E9A400A65125 /* Debug */,
				8F3AB09A26B3E9A400A65125 /* Release */,
			);
			defaultConfigurationIsVisible = 0;
			defaultConfigurationName = Release;
		};
		8F3AB09B26B3E9A400A65125 /* Build configuration list for PBXNativeTarget "Doctor Appointment Moveo" */ = {
			isa = XCConfigurationList;
			buildConfigurations = (
				8F3AB09C26B3E9A400A65125 /* Debug */,
				8F3AB09D26B3E9A400A65125 /* Release */,
			);
			defaultConfigurationIsVisible = 0;
			defaultConfigurationName = Release;
		};
/* End XCConfigurationList section */

/* Begin XCVersionGroup section */
		8F3AB09526B3E9A400A65125 /* Doctor_Appointment_Moveo.xcdatamodeld */ = {
			isa = XCVersionGroup;
			children = (
				8F3AB09626B3E9A400A65125 /* Doctor_Appointment_Moveo.xcdatamodel */,
			);
			currentVersion = 8F3AB09626B3E9A400A65125 /* Doctor_Appointment_Moveo.xcdatamodel */;
			path = Doctor_Appointment_Moveo.xcdatamodeld;
			sourceTree = "<group>";
			versionGroupType = wrapper.xcdatamodel;
		};
/* End XCVersionGroup section */
	};
	rootObject = 8F3AB07F26B3E9A300A65125 /* Project object */;
}
